
Microsoft Visual Studio Solution File, Format Version 12.00
# Visual Studio Version 17
VisualStudioVersion = 17.5.33530.505
MinimumVisualStudioVersion = 10.0.40219.1
Project("{FAE04EC0-301F-11D3-BF4B-00C04F79EFBC}") = "AdactIn_PlaywrightC#", "AdactIn_PlaywrightC#\AdactIn_PlaywrightC#.csproj", "{BB5AF3CF-709C-4007-8B39-B7E1D0B7044B}"
EndProject
Global
	GlobalSection(SolutionConfigurationPlatforms) = preSolution
		Debug|Any CPU = Debug|Any CPU
		Release|Any CPU = Release|Any CPU
	EndGlobalSection
	GlobalSection(ProjectConfigurationPlatforms) = postSolution
		{BB5AF3CF-709C-4007-8B39-B7E1D0B7044B}.Debug|Any CPU.ActiveCfg = Debug|Any CPU
		{BB5AF3CF-709C-4007-8B39-B7E1D0B7044B}.Debug|Any CPU.Build.0 = Debug|Any CPU
		{BB5AF3CF-709C-4007-8B39-B7E1D0B7044B}.Release|Any CPU.ActiveCfg = Release|Any CPU
		{BB5AF3CF-709C-4007-8B39-B7E1D0B7044B}.Release|Any CPU.Build.0 = Release|Any CPU
	EndGlobalSection
	GlobalSection(SolutionProperties) = preSolution
		HideSolutionNode = FALSE
	EndGlobalSection
	GlobalSection(ExtensibilityGlobals) = postSolution
		SolutionGuid = {A69EB60A-2AE5-46D6-840B-593643C7BAAE}
	EndGlobalSection
EndGlobal
